{
    "name": "my_package",
    "version": "1.0.0",
    "lockfileVersion": 2,
    "requires": true,
    "packages": {
        "": {
            "name": "my_package",
            "version": "1.0.0",
            "license": "ISC",
            "dependencies": {
                "midi-parser-js": "^4.0.4",
                "parse-midi": "^2.0.2"
            }
        },
        "node_modules/midi-parser-js": {
            "version": "4.0.4",
            "resolved": "https://registry.npmjs.org/midi-parser-js/-/midi-parser-js-4.0.4.tgz",
            "integrity": "sha512-yCCUNemjDET40SPslUbAyi7lClSS+ttcBAWNY337kJouRFsEtIql38Fp4p5xfODkltFvuqHJL9JytnZIrzpJbw=="
        },
        "node_modules/parse-midi": {
            "version": "2.0.2",
            "resolved": "https://registry.npmjs.org/parse-midi/-/parse-midi-2.0.2.tgz",
            "integrity": "sha512-wjEzOS02rLpg+rdnZMMzeEvCA8AxhslFfxusC33PPro39++PfUaMNINbXofk9mtiNTU771UOVjQdkBMQ3f1cdQ=="
        }
    },
    "dependencies": {
        "midi-parser-js": {
            "version": "4.0.4",
            "resolved": "https://registry.npmjs.org/midi-parser-js/-/midi-parser-js-4.0.4.tgz",
            "integrity": "sha512-yCCUNemjDET40SPslUbAyi7lClSS+ttcBAWNY337kJouRFsEtIql38Fp4p5xfODkltFvuqHJL9JytnZIrzpJbw=="
        },
        "parse-midi": {
            "version": "2.0.2",
            "resolved": "https://registry.npmjs.org/parse-midi/-/parse-midi-2.0.2.tgz",
            "integrity": "sha512-wjEzOS02rLpg+rdnZMMzeEvCA8AxhslFfxusC33PPro39++PfUaMNINbXofk9mtiNTU771UOVjQdkBMQ3f1cdQ=="
        }
    }
}
